// !$*UTF8*$!
{
	archiveVersion = 1;
	classes = {
	};
	objectVersion = 56;
	objects = {

/* Begin PBXBuildFile section */
		E93FCDF22A65310F0095BEC0 /* AppDelegate.swift in Sources */ = {isa = PBXBuildFile; fileRef = E93FCDF12A65310F0095BEC0 /* AppDelegate.swift */; };
		E93FCDF42A65310F0095BEC0 /* SceneDelegate.swift in Sources */ = {isa = PBXBuildFile; fileRef = E93FCDF32A65310F0095BEC0 /* SceneDelegate.swift */; };
		E93FCDF62A65310F0095BEC0 /* ViewController.swift in Sources */ = {isa = PBXBuildFile; fileRef = E93FCDF52A65310F0095BEC0 /* ViewController.swift */; };
		E93FCDF92A65310F0095BEC0 /* Main.storyboard in Resources */ = {isa = PBXBuildFile; fileRef = E93FCDF72A65310F0095BEC0 /* Main.storyboard */; };
		E93FCDFB2A6531140095BEC0 /* Assets.xcassets in Resources */ = {isa = PBXBuildFile; fileRef = E93FCDFA2A6531140095BEC0 /* Assets.xcassets */; };
		E93FCDFE2A6531140095BEC0 /* LaunchScreen.storyboard in Resources */ = {isa = PBXBuildFile; fileRef = E93FCDFC2A6531140095BEC0 /* LaunchScreen.storyboard */; };
		E93FCE102A6531A60095BEC0 /* LAWebView.framework in Frameworks */ = {isa = PBXBuildFile; fileRef = E93FCE0A2A6531A50095BEC0 /* LAWebView.framework */; };
		E93FCE112A6531A60095BEC0 /* LAWebView.framework in Embed Frameworks */ = {isa = PBXBuildFile; fileRef = E93FCE0A2A6531A50095BEC0 /* LAWebView.framework */; settings = {ATTRIBUTES = (CodeSignOnCopy, RemoveHeadersOnCopy, ); }; };
		E93FCE1D2A6532530095BEC0 /* WebConfigComponent.swift in Sources */ = {isa = PBXBuildFile; fileRef = E93FCE172A6532530095BEC0 /* WebConfigComponent.swift */; };
		E93FCE1E2A6532530095BEC0 /* BaseWebView.swift in Sources */ = {isa = PBXBuildFile; fileRef = E93FCE182A6532530095BEC0 /* BaseWebView.swift */; };
		E93FCE1F2A6532530095BEC0 /* LAWebView.swift in Sources */ = {isa = PBXBuildFile; fileRef = E93FCE192A6532530095BEC0 /* LAWebView.swift */; settings = {ATTRIBUTES = (Public, ); }; };
		E93FCE202A6532530095BEC0 /* WebUIComponent.swift in Sources */ = {isa = PBXBuildFile; fileRef = E93FCE1A2A6532530095BEC0 /* WebUIComponent.swift */; };
		E93FCE212A6532530095BEC0 /* WebScriptComponent.swift in Sources */ = {isa = PBXBuildFile; fileRef = E93FCE1B2A6532530095BEC0 /* WebScriptComponent.swift */; };
		E93FCE222A6532530095BEC0 /* LAWebView.h in Headers */ = {isa = PBXBuildFile; fileRef = E93FCE1C2A6532530095BEC0 /* LAWebView.h */; settings = {ATTRIBUTES = (Public, ); }; };
		E93FCE272A65383E0095BEC0 /* LAWebView.podspec in Resources */ = {isa = PBXBuildFile; fileRef = E93FCE262A65383E0095BEC0 /* LAWebView.podspec */; };
/* End PBXBuildFile section */

/* Begin PBXContainerItemProxy section */
		E93FCE0E2A6531A60095BEC0 /* PBXContainerItemProxy */ = {
			isa = PBXContainerItemProxy;
			containerPortal = E93FCDE62A65310F0095BEC0 /* Project object */;
			proxyType = 1;
			remoteGlobalIDString = E93FCE092A6531A50095BEC0;
			remoteInfo = LAWebView;
		};
/* End PBXContainerItemProxy section */

/* Begin PBXCopyFilesBuildPhase section */
		E93FCE152A6531A60095BEC0 /* Embed Frameworks */ = {
			isa = PBXCopyFilesBuildPhase;
			buildActionMask = 2147483647;
			dstPath = "";
			dstSubfolderSpec = 10;
			files = (
				E93FCE112A6531A60095BEC0 /* LAWebView.framework in Embed Frameworks */,
			);
			name = "Embed Frameworks";
			runOnlyForDeploymentPostprocessing = 0;
		};
/* End PBXCopyFilesBuildPhase section */

/* Begin PBXFileReference section */
		E93FCDEE2A65310F0095BEC0 /* LAWebViewDemo.app */ = {isa = PBXFileReference; explicitFileType = wrapper.application; includeInIndex = 0; path = LAWebViewDemo.app; sourceTree = BUILT_PRODUCTS_DIR; };
		E93FCDF12A65310F0095BEC0 /* AppDelegate.swift */ = {isa = PBXFileReference; lastKnownFileType = sourcecode.swift; path = AppDelegate.swift; sourceTree = "<group>"; };
		E93FCDF32A65310F0095BEC0 /* SceneDelegate.swift */ = {isa = PBXFileReference; lastKnownFileType = sourcecode.swift; path = SceneDelegate.swift; sourceTree = "<group>"; };
		E93FCDF52A65310F0095BEC0 /* ViewController.swift */ = {isa = PBXFileReference; lastKnownFileType = sourcecode.swift; path = ViewController.swift; sourceTree = "<group>"; };
		E93FCDF82A65310F0095BEC0 /* Base */ = {isa = PBXFileReference; lastKnownFileType = file.storyboard; name = Base; path = Base.lproj/Main.storyboard; sourceTree = "<group>"; };
		E93FCDFA2A6531140095BEC0 /* Assets.xcassets */ = {isa = PBXFileReference; lastKnownFileType = folder.assetcatalog; path = Assets.xcassets; sourceTree = "<group>"; };
		E93FCDFD2A6531140095BEC0 /* Base */ = {isa = PBXFileReference; lastKnownFileType = file.storyboard; name = Base; path = Base.lproj/LaunchScreen.storyboard; sourceTree = "<group>"; };
		E93FCDFF2A6531140095BEC0 /* Info.plist */ = {isa = PBXFileReference; lastKnownFileType = text.plist.xml; path = Info.plist; sourceTree = "<group>"; };
		E93FCE0A2A6531A50095BEC0 /* LAWebView.framework */ = {isa = PBXFileReference; explicitFileType = wrapper.framework; includeInIndex = 0; path = LAWebView.framework; sourceTree = BUILT_PRODUCTS_DIR; };
		E93FCE172A6532530095BEC0 /* WebConfigComponent.swift */ = {isa = PBXFileReference; fileEncoding = 4; lastKnownFileType = sourcecode.swift; path = WebConfigComponent.swift; sourceTree = "<group>"; };
		E93FCE182A6532530095BEC0 /* BaseWebView.swift */ = {isa = PBXFileReference; fileEncoding = 4; lastKnownFileType = sourcecode.swift; path = BaseWebView.swift; sourceTree = "<group>"; };
		E93FCE192A6532530095BEC0 /* LAWebView.swift */ = {isa = PBXFileReference; fileEncoding = 4; lastKnownFileType = sourcecode.swift; path = LAWebView.swift; sourceTree = "<group>"; };
		E93FCE1A2A6532530095BEC0 /* WebUIComponent.swift */ = {isa = PBXFileReference; fileEncoding = 4; lastKnownFileType = sourcecode.swift; path = WebUIComponent.swift; sourceTree = "<group>"; };
		E93FCE1B2A6532530095BEC0 /* WebScriptComponent.swift */ = {isa = PBXFileReference; fileEncoding = 4; lastKnownFileType = sourcecode.swift; path = WebScriptComponent.swift; sourceTree = "<group>"; };
		E93FCE1C2A6532530095BEC0 /* LAWebView.h */ = {isa = PBXFileReference; fileEncoding = 4; lastKnownFileType = sourcecode.c.h; path = LAWebView.h; sourceTree = "<group>"; };
		E93FCE262A65383E0095BEC0 /* LAWebView.podspec */ = {isa = PBXFileReference; fileEncoding = 4; lastKnownFileType = text; name = LAWebView.podspec; path = ../../LAWebView.podspec; sourceTree = "<group>"; };
/* End PBXFileReference section */

/* Begin PBXFrameworksBuildPhase section */
		E93FCDEB2A65310F0095BEC0 /* Frameworks */ = {
			isa = PBXFrameworksBuildPhase;
			buildActionMask = 2147483647;
			files = (
				E93FCE102A6531A60095BEC0 /* LAWebView.framework in Frameworks */,
			);
			runOnlyForDeploymentPostprocessing = 0;
		};
		E93FCE072A6531A50095BEC0 /* Frameworks */ = {
			isa = PBXFrameworksBuildPhase;
			buildActionMask = 2147483647;
			files = (
			);
			runOnlyForDeploymentPostprocessing = 0;
		};
/* End PBXFrameworksBuildPhase section */

/* Begin PBXGroup section */
		E93FCDE52A65310F0095BEC0 = {
			isa = PBXGroup;
			children = (
				E93FCDF02A65310F0095BEC0 /* LAWebViewDemo */,
				E93FCE0B2A6531A60095BEC0 /* LAWebView */,
				E93FCDEF2A65310F0095BEC0 /* Products */,
			);
			sourceTree = "<group>";
		};
		E93FCDEF2A65310F0095BEC0 /* Products */ = {
			isa = PBXGroup;
			children = (
				E93FCDEE2A65310F0095BEC0 /* LAWebViewDemo.app */,
				E93FCE0A2A6531A50095BEC0 /* LAWebView.framework */,
			);
			name = Products;
			sourceTree = "<group>";
		};
		E93FCDF02A65310F0095BEC0 /* LAWebViewDemo */ = {
			isa = PBXGroup;
			children = (
				E93FCDF12A65310F0095BEC0 /* AppDelegate.swift */,
				E93FCDF32A65310F0095BEC0 /* SceneDelegate.swift */,
				E93FCDF52A65310F0095BEC0 /* ViewController.swift */,
				E93FCDF72A65310F0095BEC0 /* Main.storyboard */,
				E93FCDFA2A6531140095BEC0 /* Assets.xcassets */,
				E93FCDFC2A6531140095BEC0 /* LaunchScreen.storyboard */,
				E93FCDFF2A6531140095BEC0 /* Info.plist */,
			);
			path = LAWebViewDemo;
			sourceTree = "<group>";
		};
		E93FCE0B2A6531A60095BEC0 /* LAWebView */ = {
			isa = PBXGroup;
			children = (
				E93FCE262A65383E0095BEC0 /* LAWebView.podspec */,
				E93FCE162A6532530095BEC0 /* Source */,
			);
			path = LAWebView;
			sourceTree = "<group>";
		};
		E93FCE162A6532530095BEC0 /* Source */ = {
			isa = PBXGroup;
			children = (
				E93FCE172A6532530095BEC0 /* WebConfigComponent.swift */,
				E93FCE182A6532530095BEC0 /* BaseWebView.swift */,
				E93FCE192A6532530095BEC0 /* LAWebView.swift */,
				E93FCE1A2A6532530095BEC0 /* WebUIComponent.swift */,
				E93FCE1B2A6532530095BEC0 /* WebScriptComponent.swift */,
				E93FCE1C2A6532530095BEC0 /* LAWebView.h */,
			);
			name = Source;
			path = ../../Source;
			sourceTree = "<group>";
		};
/* End PBXGroup section */

/* Begin PBXHeadersBuildPhase section */
		E93FCE052A6531A50095BEC0 /* Headers */ = {
			isa = PBXHeadersBuildPhase;
			buildActionMask = 2147483647;
			files = (
				E93FCE222A6532530095BEC0 /* LAWebView.h in Headers */,
			);
			runOnlyForDeploymentPostprocessing = 0;
		};
/* End PBXHeadersBuildPhase section */

/* Begin PBXNativeTarget section */
		E93FCDED2A65310F0095BEC0 /* LAWebViewDemo */ = {
			isa = PBXNativeTarget;
			buildConfigurationList = E93FCE022A6531140095BEC0 /* Build configuration list for PBXNativeTarget "LAWebViewDemo" */;
			buildPhases = (
				E93FCDEA2A65310F0095BEC0 /* Sources */,
				E93FCDEB2A65310F0095BEC0 /* Frameworks */,
				E93FCDEC2A65310F0095BEC0 /* Resources */,
				E93FCE152A6531A60095BEC0 /* Embed Frameworks */,
			);
			buildRules = (
			);
			dependencies = (
				E93FCE0F2A6531A60095BEC0 /* PBXTargetDependency */,
			);
			name = LAWebViewDemo;
			productName = LAWebView;
			productReference = E93FCDEE2A65310F0095BEC0 /* LAWebViewDemo.app */;
			productType = "com.apple.product-type.application";
		};
		E93FCE092A6531A50095BEC0 /* LAWebView */ = {
			isa = PBXNativeTarget;
			buildConfigurationList = E93FCE122A6531A60095BEC0 /* Build configuration list for PBXNativeTarget "LAWebView" */;
			buildPhases = (
				E93FCE052A6531A50095BEC0 /* Headers */,
				E93FCE062A6531A50095BEC0 /* Sources */,
				E93FCE072A6531A50095BEC0 /* Frameworks */,
				E93FCE082A6531A50095BEC0 /* Resources */,
			);
			buildRules = (
			);
			dependencies = (
			);
			name = LAWebView;
			productName = LAWebView;
			productReference = E93FCE0A2A6531A50095BEC0 /* LAWebView.framework */;
			productType = "com.apple.product-type.framework";
		};
/* End PBXNativeTarget section */

/* Begin PBXProject section */
		E93FCDE62A65310F0095BEC0 /* Project object */ = {
			isa = PBXProject;
			attributes = {
				BuildIndependentTargetsInParallel = 1;
				LastSwiftUpdateCheck = 1430;
				LastUpgradeCheck = 1430;
				TargetAttributes = {
					E93FCDED2A65310F0095BEC0 = {
						CreatedOnToolsVersion = 14.3.1;
					};
					E93FCE092A6531A50095BEC0 = {
						CreatedOnToolsVersion = 14.3.1;
					};
				};
			};
			buildConfigurationList = E93FCDE92A65310F0095BEC0 /* Build configuration list for PBXProject "LAWebViewDemo" */;
			compatibilityVersion = "Xcode 14.0";
			developmentRegion = en;
			hasScannedForEncodings = 0;
			knownRegions = (
				en,
				Base,
			);
			mainGroup = E93FCDE52A65310F0095BEC0;
			productRefGroup = E93FCDEF2A65310F0095BEC0 /* Products */;
			projectDirPath = "";
			projectRoot = "";
			targets = (
				E93FCDED2A65310F0095BEC0 /* LAWebViewDemo */,
				E93FCE092A6531A50095BEC0 /* LAWebView */,
			);
		};
/* End PBXProject section */

/* Begin PBXResourcesBuildPhase section */
		E93FCDEC2A65310F0095BEC0 /* Resources */ = {
			isa = PBXResourcesBuildPhase;
			buildActionMask = 2147483647;
			files = (
				E93FCDFE2A6531140095BEC0 /* LaunchScreen.storyboard in Resources */,
				E93FCDFB2A6531140095BEC0 /* Assets.xcassets in Resources */,
				E93FCDF92A65310F0095BEC0 /* Main.storyboard in Resources */,
			);
			runOnlyForDeploymentPostprocessing = 0;
		};
		E93FCE082A6531A50095BEC0 /* Resources */ = {
			isa = PBXResourcesBuildPhase;
			buildActionMask = 2147483647;
			files = (
				E93FCE272A65383E0095BEC0 /* LAWebView.podspec in Resources */,
			);
			runOnlyForDeploymentPostprocessing = 0;
		};
/* End PBXResourcesBuildPhase section */

/* Begin PBXSourcesBuildPhase section */
		E93FCDEA2A65310F0095BEC0 /* Sources */ = {
			isa = PBXSourcesBuildPhase;
			buildActionMask = 2147483647;
			files = (
				E93FCDF62A65310F0095BEC0 /* ViewController.swift in Sources */,
				E93FCDF22A65310F0095BEC0 /* AppDelegate.swift in Sources */,
				E93FCDF42A65310F0095BEC0 /* SceneDelegate.swift in Sources */,
			);
			runOnlyForDeploymentPostprocessing = 0;
		};
		E93FCE062A6531A50095BEC0 /* Sources */ = {
			isa = PBXSourcesBuildPhase;
			buildActionMask = 2147483647;
			files = (
				E93FCE1E2A6532530095BEC0 /* BaseWebView.swift in Sources */,
				E93FCE202A6532530095BEC0 /* WebUIComponent.swift in Sources */,
				E93FCE212A6532530095BEC0 /* WebScriptComponent.swift in Sources */,
				E93FCE1D2A6532530095BEC0 /* WebConfigComponent.swift in Sources */,
				E93FCE1F2A6532530095BEC0 /* LAWebView.swift in Sources */,
			);
			runOnlyForDeploymentPostprocessing = 0;
		};
/* End PBXSourcesBuildPhase section */

/* Begin PBXTargetDependency section */
		E93FCE0F2A6531A60095BEC0 /* PBXTargetDependency */ = {
			isa = PBXTargetDependency;
			target = E93FCE092A6531A50095BEC0 /* LAWebView */;
			targetProxy = E93FCE0E2A6531A60095BEC0 /* PBXContainerItemProxy */;
		};
/* End PBXTargetDependency section */

/* Begin PBXVariantGroup section */
		E93FCDF72A65310F0095BEC0 /* Main.storyboard */ = {
			isa = PBXVariantGroup;
			children = (
				E93FCDF82A65310F0095BEC0 /* Base */,
			);
			name = Main.storyboard;
			sourceTree = "<group>";
		};
		E93FCDFC2A6531140095BEC0 /* LaunchScreen.storyboard */ = {
			isa = PBXVariantGroup;
			children = (
				E93FCDFD2A6531140095BEC0 /* Base */,
			);
			name = LaunchScreen.storyboard;
			sourceTree = "<group>";
		};
/* End PBXVariantGroup section */

/* Begin XCBuildConfiguration section */
		E93FCE002A6531140095BEC0 /* Debug */ = {
			isa = XCBuildConfiguration;
			buildSettings = {
				ALWAYS_SEARCH_USER_PATHS = NO;
				CLANG_ANALYZER_NONNULL = YES;
				CLANG_ANALYZER_NUMBER_OBJECT_CONVERSION = YES_AGGRESSIVE;
				CLANG_CXX_LANGUAGE_STANDARD = "gnu++20";
				CLANG_ENABLE_MODULES = YES;
				CLANG_ENABLE_OBJC_ARC = YES;
				CLANG_ENABLE_OBJC_WEAK = YES;
				CLANG_WARN_BLOCK_CAPTURE_AUTORELEASING = YES;
				CLANG_WARN_BOOL_CONVERSION = YES;
				CLANG_WARN_COMMA = YES;
				CLANG_WARN_CONSTANT_CONVERSION = YES;
				CLANG_WARN_DEPRECATED_OBJC_IMPLEMENTATIONS = YES;
				CLANG_WARN_DIRECT_OBJC_ISA_USAGE = YES_ERROR;
				CLANG_WARN_DOCUMENTATION_COMMENTS = YES;
				CLANG_WARN_EMPTY_BODY = YES;
				CLANG_WARN_ENUM_CONVERSION = YES;
				CLANG_WARN_INFINITE_RECURSION = YES;
				CLANG_WARN_INT_CONVERSION = YES;
				CLANG_WARN_NON_LITERAL_NULL_CONVERSION = YES;
				CLANG_WARN_OBJC_IMPLICIT_RETAIN_SELF = YES;
				CLANG_WARN_OBJC_LITERAL_CONVERSION = YES;
				CLANG_WARN_OBJC_ROOT_CLASS = YES_ERROR;
				CLANG_WARN_QUOTED_INCLUDE_IN_FRAMEWORK_HEADER = YES;
				CLANG_WARN_RANGE_LOOP_ANALYSIS = YES;
				CLANG_WARN_STRICT_PROTOTYPES = YES;
				CLANG_WARN_SUSPICIOUS_MOVE = YES;
				CLANG_WARN_UNGUARDED_AVAILABILITY = YES_AGGRESSIVE;
				CLANG_WARN_UNREACHABLE_CODE = YES;
				CLANG_WARN__DUPLICATE_METHOD_MATCH = YES;
				COPY_PHASE_STRIP = NO;
				DEBUG_INFORMATION_FORMAT = dwarf;
				ENABLE_STRICT_OBJC_MSGSEND = YES;
				ENABLE_TESTABILITY = YES;
				GCC_C_LANGUAGE_STANDARD = gnu11;
				GCC_DYNAMIC_NO_PIC = NO;
				GCC_NO_COMMON_BLOCKS = YES;
				GCC_OPTIMIZATION_LEVEL = 0;
				GCC_PREPROCESSOR_DEFINITIONS = (
					"DEBUG=1",
					"$(inherited)",
				);
				GCC_WARN_64_TO_32_BIT_CONVERSION = YES;
				GCC_WARN_ABOUT_RETURN_TYPE = YES_ERROR;
				GCC_WARN_UNDECLARED_SELECTOR = YES;
				GCC_WARN_UNINITIALIZED_AUTOS = YES_AGGRESSIVE;
				GCC_WARN_UNUSED_FUNCTION = YES;
				GCC_WARN_UNUSED_VARIABLE = YES;
				IPHONEOS_DEPLOYMENT_TARGET = 13.0;
				MTL_ENABLE_DEBUG_INFO = INCLUDE_SOURCE;
				MTL_FAST_MATH = YES;
				ONLY_ACTIVE_ARCH = YES;
				SDKROOT = iphoneos;
				SWIFT_ACTIVE_COMPILATION_CONDITIONS = DEBUG;
				SWIFT_OPTIMIZATION_LEVEL = "-Onone";
			};
			name = Debug;
		};
		E93FCE012A6531140095BEC0 /* Release */ = {
			isa = XCBuildConfiguration;
			buildSettings = {
				ALWAYS_SEARCH_USER_PATHS = NO;
				CLANG_ANALYZER_NONNULL = YES;
				CLANG_ANALYZER_NUMBER_OBJECT_CONVERSION = YES_AGGRESSIVE;
				CLANG_CXX_LANGUAGE_STANDARD = "gnu++20";
				CLANG_ENABLE_MODULES = YES;
				CLANG_ENABLE_OBJC_ARC = YES;
				CLANG_ENABLE_OBJC_WEAK = YES;
				CLANG_WARN_BLOCK_CAPTURE_AUTORELEASING = YES;
				CLANG_WARN_BOOL_CONVERSION = YES;
				CLANG_WARN_COMMA = YES;
				CLANG_WARN_CONSTANT_CONVERSION = YES;
				CLANG_WARN_DEPRECATED_OBJC_IMPLEMENTATIONS = YES;
				CLANG_WARN_DIRECT_OBJC_ISA_USAGE = YES_ERROR;
				CLANG_WARN_DOCUMENTATION_COMMENTS = YES;
				CLANG_WARN_EMPTY_BODY = YES;
				CLANG_WARN_ENUM_CONVERSION = YES;
				CLANG_WARN_INFINITE_RECURSION = YES;
				CLANG_WARN_INT_CONVERSION = YES;
				CLANG_WARN_NON_LITERAL_NULL_CONVERSION = YES;
				CLANG_WARN_OBJC_IMPLICIT_RETAIN_SELF = YES;
				CLANG_WARN_OBJC_LITERAL_CONVERSION = YES;
				CLANG_WARN_OBJC_ROOT_CLASS = YES_ERROR;
				CLANG_WARN_QUOTED_INCLUDE_IN_FRAMEWORK_HEADER = YES;
				CLANG_WARN_RANGE_LOOP_ANALYSIS = YES;
				CLANG_WARN_STRICT_PROTOTYPES = YES;
				CLANG_WARN_SUSPICIOUS_MOVE = YES;
				CLANG_WARN_UNGUARDED_AVAILABILITY = YES_AGGRESSIVE;
				CLANG_WARN_UNREACHABLE_CODE = YES;
				CLANG_WARN__DUPLICATE_METHOD_MATCH = YES;
				COPY_PHASE_STRIP = NO;
				DEBUG_INFORMATION_FORMAT = "dwarf-with-dsym";
				ENABLE_NS_ASSERTIONS = NO;
				ENABLE_STRICT_OBJC_MSGSEND = YES;
				GCC_C_LANGUAGE_STANDARD = gnu11;
				GCC_NO_COMMON_BLOCKS = YES;
				GCC_WARN_64_TO_32_BIT_CONVERSION = YES;
				GCC_WARN_ABOUT_RETURN_TYPE = YES_ERROR;
				GCC_WARN_UNDECLARED_SELECTOR = YES;
				GCC_WARN_UNINITIALIZED_AUTOS = YES_AGGRESSIVE;
				GCC_WARN_UNUSED_FUNCTION = YES;
				GCC_WARN_UNUSED_VARIABLE = YES;
				IPHONEOS_DEPLOYMENT_TARGET = 13.0;
				MTL_ENABLE_DEBUG_INFO = NO;
				MTL_FAST_MATH = YES;
				SDKROOT = iphoneos;
				SWIFT_COMPILATION_MODE = wholemodule;
				SWIFT_OPTIMIZATION_LEVEL = "-O";
				VALIDATE_PRODUCT = YES;
			};
			name = Release;
		};
		E93FCE032A6531140095BEC0 /* Debug */ = {
			isa = XCBuildConfiguration;
			buildSettings = {
				ALWAYS_EMBED_SWIFT_STANDARD_LIBRARIES = YES;
				ASSETCATALOG_COMPILER_APPICON_NAME = AppIcon;
				ASSETCATALOG_COMPILER_GLOBAL_ACCENT_COLOR_NAME = AccentColor;
				CODE_SIGN_STYLE = Automatic;
				CURRENT_PROJECT_VERSION = 1;
				GENERATE_INFOPLIST_FILE = YES;
				INFOPLIST_FILE = LAWebViewDemo/Info.plist;
				INFOPLIST_KEY_UIApplicationSupportsIndirectInputEvents = YES;
				INFOPLIST_KEY_UILaunchStoryboardName = LaunchScreen;
				INFOPLIST_KEY_UIMainStoryboardFile = Main;
				INFOPLIST_KEY_UISupportedInterfaceOrientations_iPad = "UIInterfaceOrientationPortrait UIInterfaceOrientationPortraitUpsideDown UIInterfaceOrientationLandscapeLeft UIInterfaceOrientationLandscapeRight";
				INFOPLIST_KEY_UISupportedInterfaceOrientations_iPhone = "UIInterfaceOrientationPortrait UIInterfaceOrientationLandscapeLeft UIInterfaceOrientationLandscapeRight";
				IPHONEOS_DEPLOYMENT_TARGET = 13.0;
				LD_RUNPATH_SEARCH_PATHS = (
					"$(inherited)",
					"@executable_path/Frameworks",
				);
				MARKETING_VERSION = 1.0;
				PRODUCT_BUNDLE_IDENTIFIER = com.yyddl.LAWebViewDemo;
				PRODUCT_NAME = "$(TARGET_NAME)";
				SWIFT_EMIT_LOC_STRINGS = YES;
				SWIFT_VERSION = 5.0;
				TARGETED_DEVICE_FAMILY = "1,2";
			};
			name = Debug;
		};
		E93FCE042A6531140095BEC0 /* Release */ = {
			isa = XCBuildConfiguration;
			buildSettings = {
				ALWAYS_EMBED_SWIFT_STANDARD_LIBRARIES = YES;
				ASSETCATALOG_COMPILER_APPICON_NAME = AppIcon;
				ASSETCATALOG_COMPILER_GLOBAL_ACCENT_COLOR_NAME = AccentColor;
				CODE_SIGN_STYLE = Automatic;
				CURRENT_PROJECT_VERSION = 1;
				GENERATE_INFOPLIST_FILE = YES;
				INFOPLIST_FILE = LAWebViewDemo/Info.plist;
				INFOPLIST_KEY_UIApplicationSupportsIndirectInputEvents = YES;
				INFOPLIST_KEY_UILaunchStoryboardName = LaunchScreen;
				INFOPLIST_KEY_UIMainStoryboardFile = Main;
				INFOPLIST_KEY_UISupportedInterfaceOrientations_iPad = "UIInterfaceOrientationPortrait UIInterfaceOrientationPortraitUpsideDown UIInterfaceOrientationLandscapeLeft UIInterfaceOrientationLandscapeRight";
				INFOPLIST_KEY_UISupportedInterfaceOrientations_iPhone = "UIInterfaceOrientationPortrait UIInterfaceOrientationLandscapeLeft UIInterfaceOrientationLandscapeRight";
				IPHONEOS_DEPLOYMENT_TARGET = 13.0;
				LD_RUNPATH_SEARCH_PATHS = (
					"$(inherited)",
					"@executable_path/Frameworks",
				);
				MARKETING_VERSION = 1.0;
				PRODUCT_BUNDLE_IDENTIFIER = com.yyddl.LAWebViewDemo;
				PRODUCT_NAME = "$(TARGET_NAME)";
				SWIFT_EMIT_LOC_STRINGS = YES;
				SWIFT_VERSION = 5.0;
				TARGETED_DEVICE_FAMILY = "1,2";
			};
			name = Release;
		};
		E93FCE132A6531A60095BEC0 /* Debug */ = {
			isa = XCBuildConfiguration;
			buildSettings = {
				CODE_SIGN_STYLE = Automatic;
				CURRENT_PROJECT_VERSION = 1;
				DEFINES_MODULE = YES;
				DYLIB_COMPATIBILITY_VERSION = 1;
				DYLIB_CURRENT_VERSION = 1;
				DYLIB_INSTALL_NAME_BASE = "@rpath";
				ENABLE_MODULE_VERIFIER = YES;
				GENERATE_INFOPLIST_FILE = YES;
				INFOPLIST_KEY_NSHumanReadableCopyright = "";
				INSTALL_PATH = "$(LOCAL_LIBRARY_DIR)/Frameworks";
				IPHONEOS_DEPLOYMENT_TARGET = 11.0;
				LD_RUNPATH_SEARCH_PATHS = (
					"$(inherited)",
					"@executable_path/Frameworks",
					"@loader_path/Frameworks",
				);
				MARKETING_VERSION = 1.0;
				MODULE_VERIFIER_SUPPORTED_LANGUAGES = "objective-c objective-c++";
				MODULE_VERIFIER_SUPPORTED_LANGUAGE_STANDARDS = "gnu11 gnu++20";
				ONLY_ACTIVE_ARCH = NO;
				PRODUCT_BUNDLE_IDENTIFIER = com.yyddl.LAWebView;
				PRODUCT_NAME = "$(TARGET_NAME:c99extidentifier)";
				SKIP_INSTALL = YES;
				SUPPORTED_PLATFORMS = "iphoneos iphonesimulator";
				SUPPORTS_MACCATALYST = NO;
				SUPPORTS_MAC_DESIGNED_FOR_IPHONE_IPAD = NO;
				SWIFT_EMIT_LOC_STRINGS = YES;
				SWIFT_VERSION = 5.0;
				TARGETED_DEVICE_FAMILY = "1,2";
				VERSIONING_SYSTEM = "apple-generic";
				VERSION_INFO_PREFIX = "";
			};
			name = Debug;
		};
		E93FCE142A6531A60095BEC0 /* Release */ = {
			isa = XCBuildConfiguration;
			buildSettings = {
				CODE_SIGN_STYLE = Automatic;
				CURRENT_PROJECT_VERSION = 1;
				DEFINES_MODULE = YES;
				DYLIB_COMPATIBILITY_VERSION = 1;
				DYLIB_CURRENT_VERSION = 1;
				DYLIB_INSTALL_NAME_BASE = "@rpath";
				ENABLE_MODULE_VERIFIER = YES;
				GENERATE_INFOPLIST_FILE = YES;
				INFOPLIST_KEY_NSHumanReadableCopyright = "";
				INSTALL_PATH = "$(LOCAL_LIBRARY_DIR)/Frameworks";
				IPHONEOS_DEPLOYMENT_TARGET = 11.0;
				LD_RUNPATH_SEARCH_PATHS = (
					"$(inherited)",
					"@executable_path/Frameworks",
					"@loader_path/Frameworks",
				);
				MARKETING_VERSION = 1.0;
				MODULE_VERIFIER_SUPPORTED_LANGUAGES = "objective-c objective-c++";
				MODULE_VERIFIER_SUPPORTED_LANGUAGE_STANDARDS = "gnu11 gnu++20";
				ONLY_ACTIVE_ARCH = NO;
				PRODUCT_BUNDLE_IDENTIFIER = com.yyddl.LAWebView;
				PRODUCT_NAME = "$(TARGET_NAME:c99extidentifier)";
				SKIP_INSTALL = YES;
				SUPPORTED_PLATFORMS = "iphoneos iphonesimulator";
				SUPPORTS_MACCATALYST = NO;
				SUPPORTS_MAC_DESIGNED_FOR_IPHONE_IPAD = NO;
				SWIFT_EMIT_LOC_STRINGS = YES;
				SWIFT_VERSION = 5.0;
				TARGETED_DEVICE_FAMILY = "1,2";
				VERSIONING_SYSTEM = "apple-generic";
				VERSION_INFO_PREFIX = "";
			};
			name = Release;
		};
/* End XCBuildConfiguration section */

/* Begin XCConfigurationList section */
		E93FCDE92A65310F0095BEC0 /* Build configuration list for PBXProject "LAWebViewDemo" */ = {
			isa = XCConfigurationList;
			buildConfigurations = (
				E93FCE002A6531140095BEC0 /* Debug */,
				E93FCE012A6531140095BEC0 /* Release */,
			);
			defaultConfigurationIsVisible = 0;
			defaultConfigurationName = Release;
		};
		E93FCE022A6531140095BEC0 /* Build configuration list for PBXNativeTarget "LAWebViewDemo" */ = {
			isa = XCConfigurationList;
			buildConfigurations = (
				E93FCE032A6531140095BEC0 /* Debug */,
				E93FCE042A6531140095BEC0 /* Release */,
			);
			defaultConfigurationIsVisible = 0;
			defaultConfigurationName = Release;
		};
		E93FCE122A6531A60095BEC0 /* Build configuration list for PBXNativeTarget "LAWebView" */ = {
			isa = XCConfigurationList;
			buildConfigurations = (
				E93FCE132A6531A60095BEC0 /* Debug */,
				E93FCE142A6531A60095BEC0 /* Release */,
			);
			defaultConfigurationIsVisible = 0;
			defaultConfigurationName = Release;
		};
/* End XCConfigurationList section */
	};
	rootObject = E93FCDE62A65310F0095BEC0 /* Project object */;
}
